
Microsoft Visual Studio Solution File, Format Version 12.00
# Visual Studio Version 16
VisualStudioVersion = 25.0.1706.5
MinimumVisualStudioVersion = 10.0.40219.1
Project("{FAE04EC0-301F-11D3-BF4B-00C04F79EFBC}") = "RobotVSMonster", "RobotVSMonster\RobotVSMonster.csproj", "{B7E8C509-3441-4F4D-92B0-764210A16727}"
EndProject
Global
	GlobalSection(SolutionConfigurationPlatforms) = preSolution
		Debug|Any CPU = Debug|Any CPU
		Release|Any CPU = Release|Any CPU
	EndGlobalSection
	GlobalSection(ProjectConfigurationPlatforms) = postSolution
		{B7E8C509-3441-4F4D-92B0-764210A16727}.Debug|Any CPU.ActiveCfg = Debug|Any CPU
		{B7E8C509-3441-4F4D-92B0-764210A16727}.Debug|Any CPU.Build.0 = Debug|Any CPU
		{B7E8C509-3441-4F4D-92B0-764210A16727}.Release|Any CPU.ActiveCfg = Release|Any CPU
		{B7E8C509-3441-4F4D-92B0-764210A16727}.Release|Any CPU.Build.0 = Release|Any CPU
	EndGlobalSection
	GlobalSection(SolutionProperties) = preSolution
		HideSolutionNode = FALSE
	EndGlobalSection
	GlobalSection(ExtensibilityGlobals) = postSolution
		SolutionGuid = {2D597B57-DAA2-4DEC-976B-FBB964EC1C34}
	EndGlobalSection
EndGlobal
